// !$*UTF8*$!
{
	archiveVersion = 1;
	classes = {
	};
	objectVersion = 46;
	objects = {

/* Begin PBXBuildFile section */
		D306A7121CD3C6A000D8F6D8 /* Alamofire.framework in Frameworks */ = {isa = PBXBuildFile; fileRef = D306A7111CD3C6A000D8F6D8 /* Alamofire.framework */; };
		D306A7141CD3C9AA00D8F6D8 /* Alamofire.framework in CopyFiles */ = {isa = PBXBuildFile; fileRef = D306A7111CD3C6A000D8F6D8 /* Alamofire.framework */; settings = {ATTRIBUTES = (CodeSignOnCopy, RemoveHeadersOnCopy, ); }; };
		D306A7161CD3D4A700D8F6D8 /* Constants.swift in Sources */ = {isa = PBXBuildFile; fileRef = D306A7151CD3D4A700D8F6D8 /* Constants.swift */; };
		D363D77E1CCFB0E50081065E /* Pokemon_Solid.ttf in Resources */ = {isa = PBXBuildFile; fileRef = D363D77D1CCFB0E50081065E /* Pokemon_Solid.ttf */; };
		D363D7801CCFDDA50081065E /* music.mp3 in Resources */ = {isa = PBXBuildFile; fileRef = D363D77F1CCFDDA50081065E /* music.mp3 */; };
		D363D7821CD199F70081065E /* PokemonDetailVC.swift in Sources */ = {isa = PBXBuildFile; fileRef = D363D7811CD199F70081065E /* PokemonDetailVC.swift */; };
		D3A5F5BE1CCE7E6500116492 /* AppDelegate.swift in Sources */ = {isa = PBXBuildFile; fileRef = D3A5F5BD1CCE7E6500116492 /* AppDelegate.swift */; };
		D3A5F5C01CCE7E6500116492 /* ViewController.swift in Sources */ = {isa = PBXBuildFile; fileRef = D3A5F5BF1CCE7E6500116492 /* ViewController.swift */; };
		D3A5F5C31CCE7E6500116492 /* Main.storyboard in Resources */ = {isa = PBXBuildFile; fileRef = D3A5F5C11CCE7E6500116492 /* Main.storyboard */; };
		D3A5F5C51CCE7E6500116492 /* Assets.xcassets in Resources */ = {isa = PBXBuildFile; fileRef = D3A5F5C41CCE7E6500116492 /* Assets.xcassets */; };
		D3A5F5C81CCE7E6500116492 /* LaunchScreen.storyboard in Resources */ = {isa = PBXBuildFile; fileRef = D3A5F5C61CCE7E6500116492 /* LaunchScreen.storyboard */; };
		D3A5F5D01CCEB29C00116492 /* pokemon.csv in Resources */ = {isa = PBXBuildFile; fileRef = D3A5F5CF1CCEB29C00116492 /* pokemon.csv */; };
		D3A5F5D31CCEBF1B00116492 /* Pokemon.swift in Sources */ = {isa = PBXBuildFile; fileRef = D3A5F5D21CCEBF1B00116492 /* Pokemon.swift */; };
		D3A5F5D61CCEF65400116492 /* PokeCell.swift in Sources */ = {isa = PBXBuildFile; fileRef = D3A5F5D51CCEF65400116492 /* PokeCell.swift */; };
		D3A5F5DA1CCF040400116492 /* csv.swift in Sources */ = {isa = PBXBuildFile; fileRef = D3A5F5D91CCF040400116492 /* csv.swift */; };
/* End PBXBuildFile section */

/* Begin PBXCopyFilesBuildPhase section */
		D306A7131CD3C99C00D8F6D8 /* CopyFiles */ = {
			isa = PBXCopyFilesBuildPhase;
			buildActionMask = 2147483647;
			dstPath = "";
			dstSubfolderSpec = 10;
			files = (
				D306A7141CD3C9AA00D8F6D8 /* Alamofire.framework in CopyFiles */,
			);
			runOnlyForDeploymentPostprocessing = 0;
		};
/* End PBXCopyFilesBuildPhase section */

/* Begin PBXFileReference section */
		D306A7111CD3C6A000D8F6D8 /* Alamofire.framework */ = {isa = PBXFileReference; lastKnownFileType = wrapper.framework; name = Alamofire.framework; path = Carthage/Build/iOS/Alamofire.framework; sourceTree = "<group>"; };
		D306A7151CD3D4A700D8F6D8 /* Constants.swift */ = {isa = PBXFileReference; fileEncoding = 4; lastKnownFileType = sourcecode.swift; path = Constants.swift; sourceTree = "<group>"; };
		D363D77D1CCFB0E50081065E /* Pokemon_Solid.ttf */ = {isa = PBXFileReference; lastKnownFileType = file; path = Pokemon_Solid.ttf; sourceTree = "<group>"; };
		D363D77F1CCFDDA50081065E /* music.mp3 */ = {isa = PBXFileReference; lastKnownFileType = audio.mp3; path = music.mp3; sourceTree = "<group>"; };
		D363D7811CD199F70081065E /* PokemonDetailVC.swift */ = {isa = PBXFileReference; fileEncoding = 4; lastKnownFileType = sourcecode.swift; path = PokemonDetailVC.swift; sourceTree = "<group>"; };
		D3A5F5BA1CCE7E6500116492 /* pokedex.app */ = {isa = PBXFileReference; explicitFileType = wrapper.application; includeInIndex = 0; path = pokedex.app; sourceTree = BUILT_PRODUCTS_DIR; };
		D3A5F5BD1CCE7E6500116492 /* AppDelegate.swift */ = {isa = PBXFileReference; lastKnownFileType = sourcecode.swift; path = AppDelegate.swift; sourceTree = "<group>"; };
		D3A5F5BF1CCE7E6500116492 /* ViewController.swift */ = {isa = PBXFileReference; lastKnownFileType = sourcecode.swift; path = ViewController.swift; sourceTree = "<group>"; };
		D3A5F5C21CCE7E6500116492 /* Base */ = {isa = PBXFileReference; lastKnownFileType = file.storyboard; name = Base; path = Base.lproj/Main.storyboard; sourceTree = "<group>"; };
		D3A5F5C41CCE7E6500116492 /* Assets.xcassets */ = {isa = PBXFileReference; lastKnownFileType = folder.assetcatalog; path = Assets.xcassets; sourceTree = "<group>"; };
		D3A5F5C71CCE7E6500116492 /* Base */ = {isa = PBXFileReference; lastKnownFileType = file.storyboard; name = Base; path = Base.lproj/LaunchScreen.storyboard; sourceTree = "<group>"; };
		D3A5F5C91CCE7E6500116492 /* Info.plist */ = {isa = PBXFileReference; lastKnownFileType = text.plist.xml; path = Info.plist; sourceTree = "<group>"; };
		D3A5F5CF1CCEB29C00116492 /* pokemon.csv */ = {isa = PBXFileReference; fileEncoding = 4; lastKnownFileType = text; path = pokemon.csv; sourceTree = "<group>"; };
		D3A5F5D21CCEBF1B00116492 /* Pokemon.swift */ = {isa = PBXFileReference; fileEncoding = 4; lastKnownFileType = sourcecode.swift; path = Pokemon.swift; sourceTree = "<group>"; };
		D3A5F5D51CCEF65400116492 /* PokeCell.swift */ = {isa = PBXFileReference; fileEncoding = 4; lastKnownFileType = sourcecode.swift; path = PokeCell.swift; sourceTree = "<group>"; };
		D3A5F5D91CCF040400116492 /* csv.swift */ = {isa = PBXFileReference; fileEncoding = 4; lastKnownFileType = sourcecode.swift; path = csv.swift; sourceTree = "<group>"; };
/* End PBXFileReference section */

/* Begin PBXFrameworksBuildPhase section */
		D3A5F5B71CCE7E6500116492 /* Frameworks */ = {
			isa = PBXFrameworksBuildPhase;
			buildActionMask = 2147483647;
			files = (
				D306A7121CD3C6A000D8F6D8 /* Alamofire.framework in Frameworks */,
			);
			runOnlyForDeploymentPostprocessing = 0;
		};
/* End PBXFrameworksBuildPhase section */

/* Begin PBXGroup section */
		D3A5F5B11CCE7E6500116492 = {
			isa = PBXGroup;
			children = (
				D306A7111CD3C6A000D8F6D8 /* Alamofire.framework */,
				D3A5F5BC1CCE7E6500116492 /* pokedex */,
				D3A5F5BB1CCE7E6500116492 /* Products */,
			);
			sourceTree = "<group>";
		};
		D3A5F5BB1CCE7E6500116492 /* Products */ = {
			isa = PBXGroup;
			children = (
				D3A5F5BA1CCE7E6500116492 /* pokedex.app */,
			);
			name = Products;
			sourceTree = "<group>";
		};
		D3A5F5BC1CCE7E6500116492 /* pokedex */ = {
			isa = PBXGroup;
			children = (
				D3A5F5D11CCEBEF600116492 /* Model */,
				D3A5F5D41CCEF62400116492 /* View */,
				D3A5F5DC1CCF057C00116492 /* Controller */,
				D3A5F5DB1CCF057000116492 /* Util */,
				D3A5F5DD1CCF058900116492 /* Resources */,
				D3A5F5BD1CCE7E6500116492 /* AppDelegate.swift */,
				D3A5F5C11CCE7E6500116492 /* Main.storyboard */,
				D3A5F5C41CCE7E6500116492 /* Assets.xcassets */,
				D3A5F5C61CCE7E6500116492 /* LaunchScreen.storyboard */,
				D3A5F5C91CCE7E6500116492 /* Info.plist */,
			);
			path = pokedex;
			sourceTree = "<group>";
		};
		D3A5F5D11CCEBEF600116492 /* Model */ = {
			isa = PBXGroup;
			children = (
				D3A5F5D21CCEBF1B00116492 /* Pokemon.swift */,
			);
			name = Model;
			sourceTree = "<group>";
		};
		D3A5F5D41CCEF62400116492 /* View */ = {
			isa = PBXGroup;
			children = (
				D3A5F5D51CCEF65400116492 /* PokeCell.swift */,
			);
			name = View;
			sourceTree = "<group>";
		};
		D3A5F5DB1CCF057000116492 /* Util */ = {
			isa = PBXGroup;
			children = (
				D3A5F5D91CCF040400116492 /* csv.swift */,
				D306A7151CD3D4A700D8F6D8 /* Constants.swift */,
			);
			name = Util;
			sourceTree = "<group>";
		};
		D3A5F5DC1CCF057C00116492 /* Controller */ = {
			isa = PBXGroup;
			children = (
				D3A5F5BF1CCE7E6500116492 /* ViewController.swift */,
				D363D7811CD199F70081065E /* PokemonDetailVC.swift */,
			);
			name = Controller;
			sourceTree = "<group>";
		};
		D3A5F5DD1CCF058900116492 /* Resources */ = {
			isa = PBXGroup;
			children = (
				D363D77D1CCFB0E50081065E /* Pokemon_Solid.ttf */,
				D3A5F5CF1CCEB29C00116492 /* pokemon.csv */,
				D363D77F1CCFDDA50081065E /* music.mp3 */,
			);
			name = Resources;
			sourceTree = "<group>";
		};
/* End PBXGroup section */

/* Begin PBXNativeTarget section */
		D3A5F5B91CCE7E6500116492 /* pokedex */ = {
			isa = PBXNativeTarget;
			buildConfigurationList = D3A5F5CC1CCE7E6500116492 /* Build configuration list for PBXNativeTarget "pokedex" */;
			buildPhases = (
				D3A5F5B61CCE7E6500116492 /* Sources */,
				D3A5F5B71CCE7E6500116492 /* Frameworks */,
				D3A5F5B81CCE7E6500116492 /* Resources */,
				D306A7131CD3C99C00D8F6D8 /* CopyFiles */,
			);
			buildRules = (
			);
			dependencies = (
			);
			name = pokedex;
			productName = pokedex;
			productReference = D3A5F5BA1CCE7E6500116492 /* pokedex.app */;
			productType = "com.apple.product-type.application";
		};
/* End PBXNativeTarget section */

/* Begin PBXProject section */
		D3A5F5B21CCE7E6500116492 /* Project object */ = {
			isa = PBXProject;
			attributes = {
				LastSwiftUpdateCheck = 0730;
				LastUpgradeCheck = 0730;
				ORGANIZATIONNAME = "William L. Marr III";
				TargetAttributes = {
					D3A5F5B91CCE7E6500116492 = {
						CreatedOnToolsVersion = 7.3;
						DevelopmentTeam = 48DP5ENKMR;
					};
				};
			};
			buildConfigurationList = D3A5F5B51CCE7E6500116492 /* Build configuration list for PBXProject "pokedex" */;
			compatibilityVersion = "Xcode 3.2";
			developmentRegion = English;
			hasScannedForEncodings = 0;
			knownRegions = (
				en,
				Base,
			);
			mainGroup = D3A5F5B11CCE7E6500116492;
			productRefGroup = D3A5F5BB1CCE7E6500116492 /* Products */;
			projectDirPath = "";
			projectRoot = "";
			targets = (
				D3A5F5B91CCE7E6500116492 /* pokedex */,
			);
		};
/* End PBXProject section */

/* Begin PBXResourcesBuildPhase section */
		D3A5F5B81CCE7E6500116492 /* Resources */ = {
			isa = PBXResourcesBuildPhase;
			buildActionMask = 2147483647;
			files = (
				D3A5F5C81CCE7E6500116492 /* LaunchScreen.storyboard in Resources */,
				D3A5F5C51CCE7E6500116492 /* Assets.xcassets in Resources */,
				D363D7801CCFDDA50081065E /* music.mp3 in Resources */,
				D3A5F5D01CCEB29C00116492 /* pokemon.csv in Resources */,
				D3A5F5C31CCE7E6500116492 /* Main.storyboard in Resources */,
				D363D77E1CCFB0E50081065E /* Pokemon_Solid.ttf in Resources */,
			);
			runOnlyForDeploymentPostprocessing = 0;
		};
/* End PBXResourcesBuildPhase section */

/* Begin PBXSourcesBuildPhase section */
		D3A5F5B61CCE7E6500116492 /* Sources */ = {
			isa = PBXSourcesBuildPhase;
			buildActionMask = 2147483647;
			files = (
				D3A5F5D61CCEF65400116492 /* PokeCell.swift in Sources */,
				D3A5F5C01CCE7E6500116492 /* ViewController.swift in Sources */,
				D3A5F5BE1CCE7E6500116492 /* AppDelegate.swift in Sources */,
				D363D7821CD199F70081065E /* PokemonDetailVC.swift in Sources */,
				D306A7161CD3D4A700D8F6D8 /* Constants.swift in Sources */,
				D3A5F5D31CCEBF1B00116492 /* Pokemon.swift in Sources */,
				D3A5F5DA1CCF040400116492 /* csv.swift in Sources */,
			);
			runOnlyForDeploymentPostprocessing = 0;
		};
/* End PBXSourcesBuildPhase section */

/* Begin PBXVariantGroup section */
		D3A5F5C11CCE7E6500116492 /* Main.storyboard */ = {
			isa = PBXVariantGroup;
			children = (
				D3A5F5C21CCE7E6500116492 /* Base */,
			);
			name = Main.storyboard;
			sourceTree = "<group>";
		};
		D3A5F5C61CCE7E6500116492 /* LaunchScreen.storyboard */ = {
			isa = PBXVariantGroup;
			children = (
				D3A5F5C71CCE7E6500116492 /* Base */,
			);
			name = LaunchScreen.storyboard;
			sourceTree = "<group>";
		};
/* End PBXVariantGroup section */

/* Begin XCBuildConfiguration section */
		D3A5F5CA1CCE7E6500116492 /* Debug */ = {
			isa = XCBuildConfiguration;
			buildSettings = {
				ALWAYS_SEARCH_USER_PATHS = NO;
				CLANG_ANALYZER_NONNULL = YES;
				CLANG_CXX_LANGUAGE_STANDARD = "gnu++0x";
				CLANG_CXX_LIBRARY = "libc++";
				CLANG_ENABLE_MODULES = YES;
				CLANG_ENABLE_OBJC_ARC = YES;
				CLANG_WARN_BOOL_CONVERSION = YES;
				CLANG_WARN_CONSTANT_CONVERSION = YES;
				CLANG_WARN_DIRECT_OBJC_ISA_USAGE = YES_ERROR;
				CLANG_WARN_EMPTY_BODY = YES;
				CLANG_WARN_ENUM_CONVERSION = YES;
				CLANG_WARN_INT_CONVERSION = YES;
				CLANG_WARN_OBJC_ROOT_CLASS = YES_ERROR;
				CLANG_WARN_UNREACHABLE_CODE = YES;
				CLANG_WARN__DUPLICATE_METHOD_MATCH = YES;
				"CODE_SIGN_IDENTITY[sdk=iphoneos*]" = "iPhone Developer";
				COPY_PHASE_STRIP = NO;
				DEBUG_INFORMATION_FORMAT = dwarf;
				ENABLE_STRICT_OBJC_MSGSEND = YES;
				ENABLE_TESTABILITY = YES;
				GCC_C_LANGUAGE_STANDARD = gnu99;
				GCC_DYNAMIC_NO_PIC = NO;
				GCC_NO_COMMON_BLOCKS = YES;
				GCC_OPTIMIZATION_LEVEL = 0;
				GCC_PREPROCESSOR_DEFINITIONS = (
					"DEBUG=1",
					"$(inherited)",
				);
				GCC_WARN_64_TO_32_BIT_CONVERSION = YES;
				GCC_WARN_ABOUT_RETURN_TYPE = YES_ERROR;
				GCC_WARN_UNDECLARED_SELECTOR = YES;
				GCC_WARN_UNINITIALIZED_AUTOS = YES_AGGRESSIVE;
				GCC_WARN_UNUSED_FUNCTION = YES;
				GCC_WARN_UNUSED_VARIABLE = YES;
				IPHONEOS_DEPLOYMENT_TARGET = 9.3;
				MTL_ENABLE_DEBUG_INFO = YES;
				ONLY_ACTIVE_ARCH = YES;
				SDKROOT = iphoneos;
				SWIFT_OPTIMIZATION_LEVEL = "-Onone";
				TARGETED_DEVICE_FAMILY = "1,2";
			};
			name = Debug;
		};
		D3A5F5CB1CCE7E6500116492 /* Release */ = {
			isa = XCBuildConfiguration;
			buildSettings = {
				ALWAYS_SEARCH_USER_PATHS = NO;
				CLANG_ANALYZER_NONNULL = YES;
				CLANG_CXX_LANGUAGE_STANDARD = "gnu++0x";
				CLANG_CXX_LIBRARY = "libc++";
				CLANG_ENABLE_MODULES = YES;
				CLANG_ENABLE_OBJC_ARC = YES;
				CLANG_WARN_BOOL_CONVERSION = YES;
				CLANG_WARN_CONSTANT_CONVERSION = YES;
				CLANG_WARN_DIRECT_OBJC_ISA_USAGE = YES_ERROR;
				CLANG_WARN_EMPTY_BODY = YES;
				CLANG_WARN_ENUM_CONVERSION = YES;
				CLANG_WARN_INT_CONVERSION = YES;
				CLANG_WARN_OBJC_ROOT_CLASS = YES_ERROR;
				CLANG_WARN_UNREACHABLE_CODE = YES;
				CLANG_WARN__DUPLICATE_METHOD_MATCH = YES;
				"CODE_SIGN_IDENTITY[sdk=iphoneos*]" = "iPhone Developer";
				COPY_PHASE_STRIP = NO;
				DEBUG_INFORMATION_FORMAT = "dwarf-with-dsym";
				ENABLE_NS_ASSERTIONS = NO;
				ENABLE_STRICT_OBJC_MSGSEND = YES;
				GCC_C_LANGUAGE_STANDARD = gnu99;
				GCC_NO_COMMON_BLOCKS = YES;
				GCC_WARN_64_TO_32_BIT_CONVERSION = YES;
				GCC_WARN_ABOUT_RETURN_TYPE = YES_ERROR;
				GCC_WARN_UNDECLARED_SELECTOR = YES;
				GCC_WARN_UNINITIALIZED_AUTOS = YES_AGGRESSIVE;
				GCC_WARN_UNUSED_FUNCTION = YES;
				GCC_WARN_UNUSED_VARIABLE = YES;
				IPHONEOS_DEPLOYMENT_TARGET = 9.3;
				MTL_ENABLE_DEBUG_INFO = NO;
				SDKROOT = iphoneos;
				TARGETED_DEVICE_FAMILY = "1,2";
				VALIDATE_PRODUCT = YES;
			};
			name = Release;
		};
		D3A5F5CD1CCE7E6500116492 /* Debug */ = {
			isa = XCBuildConfiguration;
			buildSettings = {
				ASSETCATALOG_COMPILER_APPICON_NAME = AppIcon;
				FRAMEWORK_SEARCH_PATHS = (
					"$(inherited)",
					"$(PROJECT_DIR)/Carthage/Build/iOS",
				);
				INFOPLIST_FILE = pokedex/Info.plist;
				LD_RUNPATH_SEARCH_PATHS = "$(inherited) @executable_path/Frameworks";
				PRODUCT_BUNDLE_IDENTIFIER = net.wlmiii.pokedex;
				PRODUCT_NAME = "$(TARGET_NAME)";
			};
			name = Debug;
		};
		D3A5F5CE1CCE7E6500116492 /* Release */ = {
			isa = XCBuildConfiguration;
			buildSettings = {
				ASSETCATALOG_COMPILER_APPICON_NAME = AppIcon;
				FRAMEWORK_SEARCH_PATHS = (
					"$(inherited)",
					"$(PROJECT_DIR)/Carthage/Build/iOS",
				);
				INFOPLIST_FILE = pokedex/Info.plist;
				LD_RUNPATH_SEARCH_PATHS = "$(inherited) @executable_path/Frameworks";
				PRODUCT_BUNDLE_IDENTIFIER = net.wlmiii.pokedex;
				PRODUCT_NAME = "$(TARGET_NAME)";
			};
			name = Release;
		};
/* End XCBuildConfiguration section */

/* Begin XCConfigurationList section */
		D3A5F5B51CCE7E6500116492 /* Build configuration list for PBXProject "pokedex" */ = {
			isa = XCConfigurationList;
			buildConfigurations = (
				D3A5F5CA1CCE7E6500116492 /* Debug */,
				D3A5F5CB1CCE7E6500116492 /* Release */,
			);
			defaultConfigurationIsVisible = 0;
			defaultConfigurationName = Release;
		};
		D3A5F5CC1CCE7E6500116492 /* Build configuration list for PBXNativeTarget "pokedex" */ = {
			isa = XCConfigurationList;
			buildConfigurations = (
				D3A5F5CD1CCE7E6500116492 /* Debug */,
				D3A5F5CE1CCE7E6500116492 /* Release */,
			);
			defaultConfigurationIsVisible = 0;
			defaultConfigurationName = Release;
		};
/* End XCConfigurationList section */
	};
	rootObject = D3A5F5B21CCE7E6500116492 /* Project object */;
}
